// !$*UTF8*$!
{
	archiveVersion = 1;
	classes = {
	};
	objectVersion = 46;
	objects = {

/* Begin PBXBuildFile section */
		5C870A051C41FC730001405C /* main.m in Sources */ = {isa = PBXBuildFile; fileRef = 5C870A041C41FC730001405C /* main.m */; };
		5C870A0D1C41FD390001405C /* Resume.m in Sources */ = {isa = PBXBuildFile; fileRef = 5C870A0C1C41FD390001405C /* Resume.m */; };
		5C870A0F1C4200270001405C /* WorkExperience.m in Sources */ = {isa = PBXBuildFile; fileRef = 5C870A0E1C4200270001405C /* WorkExperience.m */; };
/* End PBXBuildFile section */

/* Begin PBXCopyFilesBuildPhase section */
		5C8709FF1C41FC730001405C /* CopyFiles */ = {
			isa = PBXCopyFilesBuildPhase;
			buildActionMask = 2147483647;
			dstPath = /usr/share/man/man1/;
			dstSubfolderSpec = 0;
			files = (
			);
			runOnlyForDeploymentPostprocessing = 1;
		};
/* End PBXCopyFilesBuildPhase section */

/* Begin PBXFileReference section */
		5C870A011C41FC730001405C /* ProtoType */ = {isa = PBXFileReference; explicitFileType = "compiled.mach-o.executable"; includeInIndex = 0; path = ProtoType; sourceTree = BUILT_PRODUCTS_DIR; };
		5C870A041C41FC730001405C /* main.m */ = {isa = PBXFileReference; lastKnownFileType = sourcecode.c.objc; path = main.m; sourceTree = "<group>"; };
		5C870A0B1C41FD390001405C /* Resume.h */ = {isa = PBXFileReference; fileEncoding = 4; lastKnownFileType = sourcecode.c.h; path = Resume.h; sourceTree = "<group>"; };
		5C870A0C1C41FD390001405C /* Resume.m */ = {isa = PBXFileReference; fileEncoding = 4; lastKnownFileType = sourcecode.c.objc; path = Resume.m; sourceTree = "<group>"; };
		5C870A0E1C4200270001405C /* WorkExperience.m */ = {isa = PBXFileReference; fileEncoding = 4; lastKnownFileType = sourcecode.c.objc; path = WorkExperience.m; sourceTree = "<group>"; };
		5C870A101C4200330001405C /* WorkExperience.h */ = {isa = PBXFileReference; fileEncoding = 4; lastKnownFileType = sourcecode.c.h; path = WorkExperience.h; sourceTree = "<group>"; };
/* End PBXFileReference section */

/* Begin PBXFrameworksBuildPhase section */
		5C8709FE1C41FC730001405C /* Frameworks */ = {
			isa = PBXFrameworksBuildPhase;
			buildActionMask = 2147483647;
			files = (
			);
			runOnlyForDeploymentPostprocessing = 0;
		};
/* End PBXFrameworksBuildPhase section */

/* Begin PBXGroup section */
		5C8709F81C41FC730001405C = {
			isa = PBXGroup;
			children = (
				5C870A031C41FC730001405C /* ProtoType */,
				5C870A021C41FC730001405C /* Products */,
			);
			sourceTree = "<group>";
		};
		5C870A021C41FC730001405C /* Products */ = {
			isa = PBXGroup;
			children = (
				5C870A011C41FC730001405C /* ProtoType */,
			);
			name = Products;
			sourceTree = "<group>";
		};
		5C870A031C41FC730001405C /* ProtoType */ = {
			isa = PBXGroup;
			children = (
				5C870A041C41FC730001405C /* main.m */,
				5C870A101C4200330001405C /* WorkExperience.h */,
				5C870A0B1C41FD390001405C /* Resume.h */,
				5C870A0E1C4200270001405C /* WorkExperience.m */,
				5C870A0C1C41FD390001405C /* Resume.m */,
			);
			path = ProtoType;
			sourceTree = "<group>";
		};
/* End PBXGroup section */

/* Begin PBXNativeTarget section */
		5C870A001C41FC730001405C /* ProtoType */ = {
			isa = PBXNativeTarget;
			buildConfigurationList = 5C870A081C41FC730001405C /* Build configuration list for PBXNativeTarget "ProtoType" */;
			buildPhases = (
				5C8709FD1C41FC730001405C /* Sources */,
				5C8709FE1C41FC730001405C /* Frameworks */,
				5C8709FF1C41FC730001405C /* CopyFiles */,
			);
			buildRules = (
			);
			dependencies = (
			);
			name = ProtoType;
			productName = ProtoType;
			productReference = 5C870A011C41FC730001405C /* ProtoType */;
			productType = "com.apple.product-type.tool";
		};
/* End PBXNativeTarget section */

/* Begin PBXProject section */
		5C8709F91C41FC730001405C /* Project object */ = {
			isa = PBXProject;
			attributes = {
				LastUpgradeCheck = 0640;
				ORGANIZATIONNAME = GameRisker;
				TargetAttributes = {
					5C870A001C41FC730001405C = {
						CreatedOnToolsVersion = 6.4;
					};
				};
			};
			buildConfigurationList = 5C8709FC1C41FC730001405C /* Build configuration list for PBXProject "ProtoType" */;
			compatibilityVersion = "Xcode 3.2";
			developmentRegion = English;
			hasScannedForEncodings = 0;
			knownRegions = (
				en,
			);
			mainGroup = 5C8709F81C41FC730001405C;
			productRefGroup = 5C870A021C41FC730001405C /* Products */;
			projectDirPath = "";
			projectRoot = "";
			targets = (
				5C870A001C41FC730001405C /* ProtoType */,
			);
		};
/* End PBXProject section */

/* Begin PBXSourcesBuildPhase section */
		5C8709FD1C41FC730001405C /* Sources */ = {
			isa = PBXSourcesBuildPhase;
			buildActionMask = 2147483647;
			files = (
				5C870A0F1C4200270001405C /* WorkExperience.m in Sources */,
				5C870A0D1C41FD390001405C /* Resume.m in Sources */,
				5C870A051C41FC730001405C /* main.m in Sources */,
			);
			runOnlyForDeploymentPostprocessing = 0;
		};
/* End PBXSourcesBuildPhase section */

/* Begin XCBuildConfiguration section */
		5C870A061C41FC730001405C /* Debug */ = {
			isa = XCBuildConfiguration;
			buildSettings = {
				ALWAYS_SEARCH_USER_PATHS = NO;
				CLANG_CXX_LANGUAGE_STANDARD = "gnu++0x";
				CLANG_CXX_LIBRARY = "libc++";
				CLANG_ENABLE_MODULES = YES;
				CLANG_ENABLE_OBJC_ARC = YES;
				CLANG_WARN_BOOL_CONVERSION = YES;
				CLANG_WARN_CONSTANT_CONVERSION = YES;
				CLANG_WARN_DIRECT_OBJC_ISA_USAGE = YES_ERROR;
				CLANG_WARN_EMPTY_BODY = YES;
				CLANG_WARN_ENUM_CONVERSION = YES;
				CLANG_WARN_INT_CONVERSION = YES;
				CLANG_WARN_OBJC_ROOT_CLASS = YES_ERROR;
				CLANG_WARN_UNREACHABLE_CODE = YES;
				CLANG_WARN__DUPLICATE_METHOD_MATCH = YES;
				COPY_PHASE_STRIP = NO;
				DEBUG_INFORMATION_FORMAT = dwarf;
				ENABLE_STRICT_OBJC_MSGSEND = YES;
				GCC_C_LANGUAGE_STANDARD = gnu99;
				GCC_DYNAMIC_NO_PIC = NO;
				GCC_NO_COMMON_BLOCKS = YES;
				GCC_OPTIMIZATION_LEVEL = 0;
				GCC_PREPROCESSOR_DEFINITIONS = (
					"DEBUG=1",
					"$(inherited)",
				);
				GCC_SYMBOLS_PRIVATE_EXTERN = NO;
				GCC_WARN_64_TO_32_BIT_CONVERSION = YES;
				GCC_WARN_ABOUT_RETURN_TYPE = YES_ERROR;
				GCC_WARN_UNDECLARED_SELECTOR = YES;
				GCC_WARN_UNINITIALIZED_AUTOS = YES_AGGRESSIVE;
				GCC_WARN_UNUSED_FUNCTION = YES;
				GCC_WARN_UNUSED_VARIABLE = YES;
				MACOSX_DEPLOYMENT_TARGET = 10.11;
				MTL_ENABLE_DEBUG_INFO = YES;
				ONLY_ACTIVE_ARCH = YES;
				SDKROOT = macosx;
			};
			name = Debug;
		};
		5C870A071C41FC730001405C /* Release */ = {
			isa = XCBuildConfiguration;
			buildSettings = {
				ALWAYS_SEARCH_USER_PATHS = NO;
				CLANG_CXX_LANGUAGE_STANDARD = "gnu++0x";
				CLANG_CXX_LIBRARY = "libc++";
				CLANG_ENABLE_MODULES = YES;
				CLANG_ENABLE_OBJC_ARC = YES;
				CLANG_WARN_BOOL_CONVERSION = YES;
				CLANG_WARN_CONSTANT_CONVERSION = YES;
				CLANG_WARN_DIRECT_OBJC_ISA_USAGE = YES_ERROR;
				CLANG_WARN_EMPTY_BODY = YES;
				CLANG_WARN_ENUM_CONVERSION = YES;
				CLANG_WARN_INT_CONVERSION = YES;
				CLANG_WARN_OBJC_ROOT_CLASS = YES_ERROR;
				CLANG_WARN_UNREACHABLE_CODE = YES;
				CLANG_WARN__DUPLICATE_METHOD_MATCH = YES;
				COPY_PHASE_STRIP = NO;
				DEBUG_INFORMATION_FORMAT = "dwarf-with-dsym";
				ENABLE_NS_ASSERTIONS = NO;
				ENABLE_STRICT_OBJC_MSGSEND = YES;
				GCC_C_LANGUAGE_STANDARD = gnu99;
				GCC_NO_COMMON_BLOCKS = YES;
				GCC_WARN_64_TO_32_BIT_CONVERSION = YES;
				GCC_WARN_ABOUT_RETURN_TYPE = YES_ERROR;
				GCC_WARN_UNDECLARED_SELECTOR = YES;
				GCC_WARN_UNINITIALIZED_AUTOS = YES_AGGRESSIVE;
				GCC_WARN_UNUSED_FUNCTION = YES;
				GCC_WARN_UNUSED_VARIABLE = YES;
				MACOSX_DEPLOYMENT_TARGET = 10.11;
				MTL_ENABLE_DEBUG_INFO = NO;
				SDKROOT = macosx;
			};
			name = Release;
		};
		5C870A091C41FC730001405C /* Debug */ = {
			isa = XCBuildConfiguration;
			buildSettings = {
				PRODUCT_NAME = "$(TARGET_NAME)";
			};
			name = Debug;
		};
		5C870A0A1C41FC730001405C /* Release */ = {
			isa = XCBuildConfiguration;
			buildSettings = {
				PRODUCT_NAME = "$(TARGET_NAME)";
			};
			name = Release;
		};
/* End XCBuildConfiguration section */

/* Begin XCConfigurationList section */
		5C8709FC1C41FC730001405C /* Build configuration list for PBXProject "ProtoType" */ = {
			isa = XCConfigurationList;
			buildConfigurations = (
				5C870A061C41FC730001405C /* Debug */,
				5C870A071C41FC730001405C /* Release */,
			);
			defaultConfigurationIsVisible = 0;
			defaultConfigurationName = Release;
		};
		5C870A081C41FC730001405C /* Build configuration list for PBXNativeTarget "ProtoType" */ = {
			isa = XCConfigurationList;
			buildConfigurations = (
				5C870A091C41FC730001405C /* Debug */,
				5C870A0A1C41FC730001405C /* Release */,
			);
			defaultConfigurationIsVisible = 0;
		};
/* End XCConfigurationList section */
	};
	rootObject = 5C8709F91C41FC730001405C /* Project object */;
}
