// !$*UTF8*$!
{
	archiveVersion = 1;
	classes = {
	};
	objectVersion = 46;
	objects = {

/* Begin PBXBuildFile section */
		5CA36DC91C8304810063862C /* main.m in Sources */ = {isa = PBXBuildFile; fileRef = 5CA36DC81C8304810063862C /* main.m */; };
		5CA36DD11C83063B0063862C /* Player.m in Sources */ = {isa = PBXBuildFile; fileRef = 5CA36DD01C83063B0063862C /* Player.m */; };
		5CA36DD41C8307860063862C /* Forwards.m in Sources */ = {isa = PBXBuildFile; fileRef = 5CA36DD31C8307860063862C /* Forwards.m */; };
		5CA36DDD1C83090B0063862C /* ForeignCenter.m in Sources */ = {isa = PBXBuildFile; fileRef = 5CA36DDC1C83090B0063862C /* ForeignCenter.m */; };
		5CA36DE01C830A160063862C /* Translator.m in Sources */ = {isa = PBXBuildFile; fileRef = 5CA36DDF1C830A160063862C /* Translator.m */; };
/* End PBXBuildFile section */

/* Begin PBXCopyFilesBuildPhase section */
		5CA36DC31C8304810063862C /* CopyFiles */ = {
			isa = PBXCopyFilesBuildPhase;
			buildActionMask = 2147483647;
			dstPath = /usr/share/man/man1/;
			dstSubfolderSpec = 0;
			files = (
			);
			runOnlyForDeploymentPostprocessing = 1;
		};
/* End PBXCopyFilesBuildPhase section */

/* Begin PBXFileReference section */
		5CA36DC51C8304810063862C /* Adapter */ = {isa = PBXFileReference; explicitFileType = "compiled.mach-o.executable"; includeInIndex = 0; path = Adapter; sourceTree = BUILT_PRODUCTS_DIR; };
		5CA36DC81C8304810063862C /* main.m */ = {isa = PBXFileReference; lastKnownFileType = sourcecode.c.objc; path = main.m; sourceTree = "<group>"; };
		5CA36DCF1C83063B0063862C /* Player.h */ = {isa = PBXFileReference; fileEncoding = 4; lastKnownFileType = sourcecode.c.h; path = Player.h; sourceTree = "<group>"; };
		5CA36DD01C83063B0063862C /* Player.m */ = {isa = PBXFileReference; fileEncoding = 4; lastKnownFileType = sourcecode.c.objc; path = Player.m; sourceTree = "<group>"; };
		5CA36DD21C8307860063862C /* Forwards.h */ = {isa = PBXFileReference; fileEncoding = 4; lastKnownFileType = sourcecode.c.h; path = Forwards.h; sourceTree = "<group>"; };
		5CA36DD31C8307860063862C /* Forwards.m */ = {isa = PBXFileReference; fileEncoding = 4; lastKnownFileType = sourcecode.c.objc; path = Forwards.m; sourceTree = "<group>"; };
		5CA36DDB1C83090B0063862C /* ForeignCenter.h */ = {isa = PBXFileReference; fileEncoding = 4; lastKnownFileType = sourcecode.c.h; path = ForeignCenter.h; sourceTree = "<group>"; };
		5CA36DDC1C83090B0063862C /* ForeignCenter.m */ = {isa = PBXFileReference; fileEncoding = 4; lastKnownFileType = sourcecode.c.objc; path = ForeignCenter.m; sourceTree = "<group>"; };
		5CA36DDE1C830A160063862C /* Translator.h */ = {isa = PBXFileReference; fileEncoding = 4; lastKnownFileType = sourcecode.c.h; path = Translator.h; sourceTree = "<group>"; };
		5CA36DDF1C830A160063862C /* Translator.m */ = {isa = PBXFileReference; fileEncoding = 4; lastKnownFileType = sourcecode.c.objc; path = Translator.m; sourceTree = "<group>"; };
/* End PBXFileReference section */

/* Begin PBXFrameworksBuildPhase section */
		5CA36DC21C8304810063862C /* Frameworks */ = {
			isa = PBXFrameworksBuildPhase;
			buildActionMask = 2147483647;
			files = (
			);
			runOnlyForDeploymentPostprocessing = 0;
		};
/* End PBXFrameworksBuildPhase section */

/* Begin PBXGroup section */
		5CA36DBC1C8304810063862C = {
			isa = PBXGroup;
			children = (
				5CA36DC71C8304810063862C /* Adapter */,
				5CA36DC61C8304810063862C /* Products */,
			);
			sourceTree = "<group>";
		};
		5CA36DC61C8304810063862C /* Products */ = {
			isa = PBXGroup;
			children = (
				5CA36DC51C8304810063862C /* Adapter */,
			);
			name = Products;
			sourceTree = "<group>";
		};
		5CA36DC71C8304810063862C /* Adapter */ = {
			isa = PBXGroup;
			children = (
				5CA36DDE1C830A160063862C /* Translator.h */,
				5CA36DDF1C830A160063862C /* Translator.m */,
				5CA36DD21C8307860063862C /* Forwards.h */,
				5CA36DD31C8307860063862C /* Forwards.m */,
				5CA36DDB1C83090B0063862C /* ForeignCenter.h */,
				5CA36DDC1C83090B0063862C /* ForeignCenter.m */,
				5CA36DCF1C83063B0063862C /* Player.h */,
				5CA36DD01C83063B0063862C /* Player.m */,
				5CA36DC81C8304810063862C /* main.m */,
			);
			path = Adapter;
			sourceTree = "<group>";
		};
/* End PBXGroup section */

/* Begin PBXNativeTarget section */
		5CA36DC41C8304810063862C /* Adapter */ = {
			isa = PBXNativeTarget;
			buildConfigurationList = 5CA36DCC1C8304810063862C /* Build configuration list for PBXNativeTarget "Adapter" */;
			buildPhases = (
				5CA36DC11C8304810063862C /* Sources */,
				5CA36DC21C8304810063862C /* Frameworks */,
				5CA36DC31C8304810063862C /* CopyFiles */,
			);
			buildRules = (
			);
			dependencies = (
			);
			name = Adapter;
			productName = Adapter;
			productReference = 5CA36DC51C8304810063862C /* Adapter */;
			productType = "com.apple.product-type.tool";
		};
/* End PBXNativeTarget section */

/* Begin PBXProject section */
		5CA36DBD1C8304810063862C /* Project object */ = {
			isa = PBXProject;
			attributes = {
				LastUpgradeCheck = 0640;
				ORGANIZATIONNAME = GameRisker;
				TargetAttributes = {
					5CA36DC41C8304810063862C = {
						CreatedOnToolsVersion = 6.4;
					};
				};
			};
			buildConfigurationList = 5CA36DC01C8304810063862C /* Build configuration list for PBXProject "Adapter" */;
			compatibilityVersion = "Xcode 3.2";
			developmentRegion = English;
			hasScannedForEncodings = 0;
			knownRegions = (
				en,
			);
			mainGroup = 5CA36DBC1C8304810063862C;
			productRefGroup = 5CA36DC61C8304810063862C /* Products */;
			projectDirPath = "";
			projectRoot = "";
			targets = (
				5CA36DC41C8304810063862C /* Adapter */,
			);
		};
/* End PBXProject section */

/* Begin PBXSourcesBuildPhase section */
		5CA36DC11C8304810063862C /* Sources */ = {
			isa = PBXSourcesBuildPhase;
			buildActionMask = 2147483647;
			files = (
				5CA36DD41C8307860063862C /* Forwards.m in Sources */,
				5CA36DDD1C83090B0063862C /* ForeignCenter.m in Sources */,
				5CA36DD11C83063B0063862C /* Player.m in Sources */,
				5CA36DC91C8304810063862C /* main.m in Sources */,
				5CA36DE01C830A160063862C /* Translator.m in Sources */,
			);
			runOnlyForDeploymentPostprocessing = 0;
		};
/* End PBXSourcesBuildPhase section */

/* Begin XCBuildConfiguration section */
		5CA36DCA1C8304810063862C /* Debug */ = {
			isa = XCBuildConfiguration;
			buildSettings = {
				ALWAYS_SEARCH_USER_PATHS = NO;
				CLANG_CXX_LANGUAGE_STANDARD = "gnu++0x";
				CLANG_CXX_LIBRARY = "libc++";
				CLANG_ENABLE_MODULES = YES;
				CLANG_ENABLE_OBJC_ARC = YES;
				CLANG_WARN_BOOL_CONVERSION = YES;
				CLANG_WARN_CONSTANT_CONVERSION = YES;
				CLANG_WARN_DIRECT_OBJC_ISA_USAGE = YES_ERROR;
				CLANG_WARN_EMPTY_BODY = YES;
				CLANG_WARN_ENUM_CONVERSION = YES;
				CLANG_WARN_INT_CONVERSION = YES;
				CLANG_WARN_OBJC_ROOT_CLASS = YES_ERROR;
				CLANG_WARN_UNREACHABLE_CODE = YES;
				CLANG_WARN__DUPLICATE_METHOD_MATCH = YES;
				COPY_PHASE_STRIP = NO;
				DEBUG_INFORMATION_FORMAT = dwarf;
				ENABLE_STRICT_OBJC_MSGSEND = YES;
				GCC_C_LANGUAGE_STANDARD = gnu99;
				GCC_DYNAMIC_NO_PIC = NO;
				GCC_NO_COMMON_BLOCKS = YES;
				GCC_OPTIMIZATION_LEVEL = 0;
				GCC_PREPROCESSOR_DEFINITIONS = (
					"DEBUG=1",
					"$(inherited)",
				);
				GCC_SYMBOLS_PRIVATE_EXTERN = NO;
				GCC_WARN_64_TO_32_BIT_CONVERSION = YES;
				GCC_WARN_ABOUT_RETURN_TYPE = YES_ERROR;
				GCC_WARN_UNDECLARED_SELECTOR = YES;
				GCC_WARN_UNINITIALIZED_AUTOS = YES_AGGRESSIVE;
				GCC_WARN_UNUSED_FUNCTION = YES;
				GCC_WARN_UNUSED_VARIABLE = YES;
				MACOSX_DEPLOYMENT_TARGET = 10.11;
				MTL_ENABLE_DEBUG_INFO = YES;
				ONLY_ACTIVE_ARCH = YES;
				SDKROOT = macosx;
			};
			name = Debug;
		};
		5CA36DCB1C8304810063862C /* Release */ = {
			isa = XCBuildConfiguration;
			buildSettings = {
				ALWAYS_SEARCH_USER_PATHS = NO;
				CLANG_CXX_LANGUAGE_STANDARD = "gnu++0x";
				CLANG_CXX_LIBRARY = "libc++";
				CLANG_ENABLE_MODULES = YES;
				CLANG_ENABLE_OBJC_ARC = YES;
				CLANG_WARN_BOOL_CONVERSION = YES;
				CLANG_WARN_CONSTANT_CONVERSION = YES;
				CLANG_WARN_DIRECT_OBJC_ISA_USAGE = YES_ERROR;
				CLANG_WARN_EMPTY_BODY = YES;
				CLANG_WARN_ENUM_CONVERSION = YES;
				CLANG_WARN_INT_CONVERSION = YES;
				CLANG_WARN_OBJC_ROOT_CLASS = YES_ERROR;
				CLANG_WARN_UNREACHABLE_CODE = YES;
				CLANG_WARN__DUPLICATE_METHOD_MATCH = YES;
				COPY_PHASE_STRIP = NO;
				DEBUG_INFORMATION_FORMAT = "dwarf-with-dsym";
				ENABLE_NS_ASSERTIONS = NO;
				ENABLE_STRICT_OBJC_MSGSEND = YES;
				GCC_C_LANGUAGE_STANDARD = gnu99;
				GCC_NO_COMMON_BLOCKS = YES;
				GCC_WARN_64_TO_32_BIT_CONVERSION = YES;
				GCC_WARN_ABOUT_RETURN_TYPE = YES_ERROR;
				GCC_WARN_UNDECLARED_SELECTOR = YES;
				GCC_WARN_UNINITIALIZED_AUTOS = YES_AGGRESSIVE;
				GCC_WARN_UNUSED_FUNCTION = YES;
				GCC_WARN_UNUSED_VARIABLE = YES;
				MACOSX_DEPLOYMENT_TARGET = 10.11;
				MTL_ENABLE_DEBUG_INFO = NO;
				SDKROOT = macosx;
			};
			name = Release;
		};
		5CA36DCD1C8304810063862C /* Debug */ = {
			isa = XCBuildConfiguration;
			buildSettings = {
				PRODUCT_NAME = "$(TARGET_NAME)";
			};
			name = Debug;
		};
		5CA36DCE1C8304810063862C /* Release */ = {
			isa = XCBuildConfiguration;
			buildSettings = {
				PRODUCT_NAME = "$(TARGET_NAME)";
			};
			name = Release;
		};
/* End XCBuildConfiguration section */

/* Begin XCConfigurationList section */
		5CA36DC01C8304810063862C /* Build configuration list for PBXProject "Adapter" */ = {
			isa = XCConfigurationList;
			buildConfigurations = (
				5CA36DCA1C8304810063862C /* Debug */,
				5CA36DCB1C8304810063862C /* Release */,
			);
			defaultConfigurationIsVisible = 0;
			defaultConfigurationName = Release;
		};
		5CA36DCC1C8304810063862C /* Build configuration list for PBXNativeTarget "Adapter" */ = {
			isa = XCConfigurationList;
			buildConfigurations = (
				5CA36DCD1C8304810063862C /* Debug */,
				5CA36DCE1C8304810063862C /* Release */,
			);
			defaultConfigurationIsVisible = 0;
		};
/* End XCConfigurationList section */
	};
	rootObject = 5CA36DBD1C8304810063862C /* Project object */;
}
