// !$*UTF8*$!
{
	archiveVersion = 1;
	classes = {
	};
	objectVersion = 46;
	objects = {

/* Begin PBXBuildFile section */
		5C1BF6461DB3718800CA0264 /* main.m in Sources */ = {isa = PBXBuildFile; fileRef = 5C1BF6451DB3718800CA0264 /* main.m */; };
		5C1BF64A1DB371EB00CA0264 /* Company.m in Sources */ = {isa = PBXBuildFile; fileRef = 5C1BF6481DB371EB00CA0264 /* Company.m */; };
		5C1BF64D1DB3723500CA0264 /* ConcreteCompany.m in Sources */ = {isa = PBXBuildFile; fileRef = 5C1BF64C1DB3723500CA0264 /* ConcreteCompany.m */; };
		5C1BF6501DB372BD00CA0264 /* FinanceDepartment.m in Sources */ = {isa = PBXBuildFile; fileRef = 5C1BF64E1DB372BD00CA0264 /* FinanceDepartment.m */; };
		5C1BF6511DB372BD00CA0264 /* HRDepartment.m in Sources */ = {isa = PBXBuildFile; fileRef = 5C1BF64F1DB372BD00CA0264 /* HRDepartment.m */; };
/* End PBXBuildFile section */

/* Begin PBXCopyFilesBuildPhase section */
		5C1BF62E1DB3711300CA0264 /* CopyFiles */ = {
			isa = PBXCopyFilesBuildPhase;
			buildActionMask = 2147483647;
			dstPath = /usr/share/man/man1/;
			dstSubfolderSpec = 0;
			files = (
			);
			runOnlyForDeploymentPostprocessing = 1;
		};
/* End PBXCopyFilesBuildPhase section */

/* Begin PBXFileReference section */
		5C1BF6301DB3711300CA0264 /* Composite */ = {isa = PBXFileReference; explicitFileType = "compiled.mach-o.executable"; includeInIndex = 0; path = Composite; sourceTree = BUILT_PRODUCTS_DIR; };
		5C1BF6451DB3718800CA0264 /* main.m */ = {isa = PBXFileReference; fileEncoding = 4; lastKnownFileType = sourcecode.c.objc; path = main.m; sourceTree = "<group>"; };
		5C1BF6471DB371EB00CA0264 /* Company.h */ = {isa = PBXFileReference; fileEncoding = 4; lastKnownFileType = sourcecode.c.h; path = Company.h; sourceTree = "<group>"; };
		5C1BF6481DB371EB00CA0264 /* Company.m */ = {isa = PBXFileReference; fileEncoding = 4; lastKnownFileType = sourcecode.c.objc; path = Company.m; sourceTree = "<group>"; };
		5C1BF6491DB371EB00CA0264 /* ICompany.h */ = {isa = PBXFileReference; fileEncoding = 4; lastKnownFileType = sourcecode.c.h; path = ICompany.h; sourceTree = "<group>"; };
		5C1BF64B1DB3723500CA0264 /* ConcreteCompany.h */ = {isa = PBXFileReference; fileEncoding = 4; lastKnownFileType = sourcecode.c.h; path = ConcreteCompany.h; sourceTree = "<group>"; };
		5C1BF64C1DB3723500CA0264 /* ConcreteCompany.m */ = {isa = PBXFileReference; fileEncoding = 4; lastKnownFileType = sourcecode.c.objc; path = ConcreteCompany.m; sourceTree = "<group>"; };
		5C1BF64E1DB372BD00CA0264 /* FinanceDepartment.m */ = {isa = PBXFileReference; fileEncoding = 4; lastKnownFileType = sourcecode.c.objc; path = FinanceDepartment.m; sourceTree = "<group>"; };
		5C1BF64F1DB372BD00CA0264 /* HRDepartment.m */ = {isa = PBXFileReference; fileEncoding = 4; lastKnownFileType = sourcecode.c.objc; path = HRDepartment.m; sourceTree = "<group>"; };
		5C1BF6521DB372CC00CA0264 /* FinanceDepartment.h */ = {isa = PBXFileReference; lastKnownFileType = sourcecode.c.h; path = FinanceDepartment.h; sourceTree = "<group>"; };
		5C1BF6531DB3733D00CA0264 /* HRDepartment.h */ = {isa = PBXFileReference; fileEncoding = 4; lastKnownFileType = sourcecode.c.h; path = HRDepartment.h; sourceTree = "<group>"; };
/* End PBXFileReference section */

/* Begin PBXFrameworksBuildPhase section */
		5C1BF62D1DB3711300CA0264 /* Frameworks */ = {
			isa = PBXFrameworksBuildPhase;
			buildActionMask = 2147483647;
			files = (
			);
			runOnlyForDeploymentPostprocessing = 0;
		};
/* End PBXFrameworksBuildPhase section */

/* Begin PBXGroup section */
		5C1BF6271DB3711300CA0264 = {
			isa = PBXGroup;
			children = (
				5C1BF6321DB3711300CA0264 /* Composite */,
				5C1BF6311DB3711300CA0264 /* Products */,
			);
			sourceTree = "<group>";
		};
		5C1BF6311DB3711300CA0264 /* Products */ = {
			isa = PBXGroup;
			children = (
				5C1BF6301DB3711300CA0264 /* Composite */,
			);
			name = Products;
			sourceTree = "<group>";
		};
		5C1BF6321DB3711300CA0264 /* Composite */ = {
			isa = PBXGroup;
			children = (
				5C1BF64E1DB372BD00CA0264 /* FinanceDepartment.m */,
				5C1BF64F1DB372BD00CA0264 /* HRDepartment.m */,
				5C1BF64B1DB3723500CA0264 /* ConcreteCompany.h */,
				5C1BF64C1DB3723500CA0264 /* ConcreteCompany.m */,
				5C1BF6471DB371EB00CA0264 /* Company.h */,
				5C1BF6481DB371EB00CA0264 /* Company.m */,
				5C1BF6491DB371EB00CA0264 /* ICompany.h */,
				5C1BF6451DB3718800CA0264 /* main.m */,
				5C1BF6521DB372CC00CA0264 /* FinanceDepartment.h */,
				5C1BF6531DB3733D00CA0264 /* HRDepartment.h */,
			);
			path = Composite;
			sourceTree = "<group>";
		};
/* End PBXGroup section */

/* Begin PBXNativeTarget section */
		5C1BF62F1DB3711300CA0264 /* Composite */ = {
			isa = PBXNativeTarget;
			buildConfigurationList = 5C1BF6371DB3711300CA0264 /* Build configuration list for PBXNativeTarget "Composite" */;
			buildPhases = (
				5C1BF62C1DB3711300CA0264 /* Sources */,
				5C1BF62D1DB3711300CA0264 /* Frameworks */,
				5C1BF62E1DB3711300CA0264 /* CopyFiles */,
			);
			buildRules = (
			);
			dependencies = (
			);
			name = Composite;
			productName = Composite;
			productReference = 5C1BF6301DB3711300CA0264 /* Composite */;
			productType = "com.apple.product-type.tool";
		};
/* End PBXNativeTarget section */

/* Begin PBXProject section */
		5C1BF6281DB3711300CA0264 /* Project object */ = {
			isa = PBXProject;
			attributes = {
				LastUpgradeCheck = 0640;
				ORGANIZATIONNAME = GameRisker;
				TargetAttributes = {
					5C1BF62F1DB3711300CA0264 = {
						CreatedOnToolsVersion = 6.4;
					};
				};
			};
			buildConfigurationList = 5C1BF62B1DB3711300CA0264 /* Build configuration list for PBXProject "Composite" */;
			compatibilityVersion = "Xcode 3.2";
			developmentRegion = English;
			hasScannedForEncodings = 0;
			knownRegions = (
				en,
			);
			mainGroup = 5C1BF6271DB3711300CA0264;
			productRefGroup = 5C1BF6311DB3711300CA0264 /* Products */;
			projectDirPath = "";
			projectRoot = "";
			targets = (
				5C1BF62F1DB3711300CA0264 /* Composite */,
			);
		};
/* End PBXProject section */

/* Begin PBXSourcesBuildPhase section */
		5C1BF62C1DB3711300CA0264 /* Sources */ = {
			isa = PBXSourcesBuildPhase;
			buildActionMask = 2147483647;
			files = (
				5C1BF6461DB3718800CA0264 /* main.m in Sources */,
				5C1BF64A1DB371EB00CA0264 /* Company.m in Sources */,
				5C1BF6501DB372BD00CA0264 /* FinanceDepartment.m in Sources */,
				5C1BF64D1DB3723500CA0264 /* ConcreteCompany.m in Sources */,
				5C1BF6511DB372BD00CA0264 /* HRDepartment.m in Sources */,
			);
			runOnlyForDeploymentPostprocessing = 0;
		};
/* End PBXSourcesBuildPhase section */

/* Begin XCBuildConfiguration section */
		5C1BF6351DB3711300CA0264 /* Debug */ = {
			isa = XCBuildConfiguration;
			buildSettings = {
				ALWAYS_SEARCH_USER_PATHS = NO;
				CLANG_CXX_LANGUAGE_STANDARD = "gnu++0x";
				CLANG_CXX_LIBRARY = "libc++";
				CLANG_ENABLE_MODULES = YES;
				CLANG_ENABLE_OBJC_ARC = YES;
				CLANG_WARN_BOOL_CONVERSION = YES;
				CLANG_WARN_CONSTANT_CONVERSION = YES;
				CLANG_WARN_DIRECT_OBJC_ISA_USAGE = YES_ERROR;
				CLANG_WARN_EMPTY_BODY = YES;
				CLANG_WARN_ENUM_CONVERSION = YES;
				CLANG_WARN_INT_CONVERSION = YES;
				CLANG_WARN_OBJC_ROOT_CLASS = YES_ERROR;
				CLANG_WARN_UNREACHABLE_CODE = YES;
				CLANG_WARN__DUPLICATE_METHOD_MATCH = YES;
				COPY_PHASE_STRIP = NO;
				DEBUG_INFORMATION_FORMAT = dwarf;
				ENABLE_STRICT_OBJC_MSGSEND = YES;
				GCC_C_LANGUAGE_STANDARD = gnu99;
				GCC_DYNAMIC_NO_PIC = NO;
				GCC_NO_COMMON_BLOCKS = YES;
				GCC_OPTIMIZATION_LEVEL = 0;
				GCC_PREPROCESSOR_DEFINITIONS = (
					"DEBUG=1",
					"$(inherited)",
				);
				GCC_SYMBOLS_PRIVATE_EXTERN = NO;
				GCC_WARN_64_TO_32_BIT_CONVERSION = YES;
				GCC_WARN_ABOUT_RETURN_TYPE = YES_ERROR;
				GCC_WARN_UNDECLARED_SELECTOR = YES;
				GCC_WARN_UNINITIALIZED_AUTOS = YES_AGGRESSIVE;
				GCC_WARN_UNUSED_FUNCTION = YES;
				GCC_WARN_UNUSED_VARIABLE = YES;
				MACOSX_DEPLOYMENT_TARGET = 10.11;
				MTL_ENABLE_DEBUG_INFO = YES;
				ONLY_ACTIVE_ARCH = YES;
				SDKROOT = macosx;
			};
			name = Debug;
		};
		5C1BF6361DB3711300CA0264 /* Release */ = {
			isa = XCBuildConfiguration;
			buildSettings = {
				ALWAYS_SEARCH_USER_PATHS = NO;
				CLANG_CXX_LANGUAGE_STANDARD = "gnu++0x";
				CLANG_CXX_LIBRARY = "libc++";
				CLANG_ENABLE_MODULES = YES;
				CLANG_ENABLE_OBJC_ARC = YES;
				CLANG_WARN_BOOL_CONVERSION = YES;
				CLANG_WARN_CONSTANT_CONVERSION = YES;
				CLANG_WARN_DIRECT_OBJC_ISA_USAGE = YES_ERROR;
				CLANG_WARN_EMPTY_BODY = YES;
				CLANG_WARN_ENUM_CONVERSION = YES;
				CLANG_WARN_INT_CONVERSION = YES;
				CLANG_WARN_OBJC_ROOT_CLASS = YES_ERROR;
				CLANG_WARN_UNREACHABLE_CODE = YES;
				CLANG_WARN__DUPLICATE_METHOD_MATCH = YES;
				COPY_PHASE_STRIP = NO;
				DEBUG_INFORMATION_FORMAT = "dwarf-with-dsym";
				ENABLE_NS_ASSERTIONS = NO;
				ENABLE_STRICT_OBJC_MSGSEND = YES;
				GCC_C_LANGUAGE_STANDARD = gnu99;
				GCC_NO_COMMON_BLOCKS = YES;
				GCC_WARN_64_TO_32_BIT_CONVERSION = YES;
				GCC_WARN_ABOUT_RETURN_TYPE = YES_ERROR;
				GCC_WARN_UNDECLARED_SELECTOR = YES;
				GCC_WARN_UNINITIALIZED_AUTOS = YES_AGGRESSIVE;
				GCC_WARN_UNUSED_FUNCTION = YES;
				GCC_WARN_UNUSED_VARIABLE = YES;
				MACOSX_DEPLOYMENT_TARGET = 10.11;
				MTL_ENABLE_DEBUG_INFO = NO;
				SDKROOT = macosx;
			};
			name = Release;
		};
		5C1BF6381DB3711300CA0264 /* Debug */ = {
			isa = XCBuildConfiguration;
			buildSettings = {
				PRODUCT_NAME = "$(TARGET_NAME)";
			};
			name = Debug;
		};
		5C1BF6391DB3711300CA0264 /* Release */ = {
			isa = XCBuildConfiguration;
			buildSettings = {
				PRODUCT_NAME = "$(TARGET_NAME)";
			};
			name = Release;
		};
/* End XCBuildConfiguration section */

/* Begin XCConfigurationList section */
		5C1BF62B1DB3711300CA0264 /* Build configuration list for PBXProject "Composite" */ = {
			isa = XCConfigurationList;
			buildConfigurations = (
				5C1BF6351DB3711300CA0264 /* Debug */,
				5C1BF6361DB3711300CA0264 /* Release */,
			);
			defaultConfigurationIsVisible = 0;
			defaultConfigurationName = Release;
		};
		5C1BF6371DB3711300CA0264 /* Build configuration list for PBXNativeTarget "Composite" */ = {
			isa = XCConfigurationList;
			buildConfigurations = (
				5C1BF6381DB3711300CA0264 /* Debug */,
				5C1BF6391DB3711300CA0264 /* Release */,
			);
			defaultConfigurationIsVisible = 0;
		};
/* End XCConfigurationList section */
	};
	rootObject = 5C1BF6281DB3711300CA0264 /* Project object */;
}
