// !$*UTF8*$!
{
	archiveVersion = 1;
	classes = {
	};
	objectVersion = 46;
	objects = {

/* Begin PBXBuildFile section */
		5C6495B41C1D5C0F00F6D931 /* main.m in Sources */ = {isa = PBXBuildFile; fileRef = 5C6495B31C1D5C0F00F6D931 /* main.m */; };
		5C6495C41C1D5C4900F6D931 /* CashContext.m in Sources */ = {isa = PBXBuildFile; fileRef = 5C6495BB1C1D5C4900F6D931 /* CashContext.m */; };
		5C6495C51C1D5C4900F6D931 /* CashNormal.m in Sources */ = {isa = PBXBuildFile; fileRef = 5C6495BD1C1D5C4900F6D931 /* CashNormal.m */; };
		5C6495C61C1D5C4900F6D931 /* CashRebate.m in Sources */ = {isa = PBXBuildFile; fileRef = 5C6495BF1C1D5C4900F6D931 /* CashRebate.m */; };
		5C6495C71C1D5C4900F6D931 /* CashReturn.m in Sources */ = {isa = PBXBuildFile; fileRef = 5C6495C11C1D5C4900F6D931 /* CashReturn.m */; };
		5C6495C81C1D5C4900F6D931 /* CashSuper.m in Sources */ = {isa = PBXBuildFile; fileRef = 5C6495C31C1D5C4900F6D931 /* CashSuper.m */; };
/* End PBXBuildFile section */

/* Begin PBXCopyFilesBuildPhase section */
		5C6495AE1C1D5C0F00F6D931 /* CopyFiles */ = {
			isa = PBXCopyFilesBuildPhase;
			buildActionMask = 2147483647;
			dstPath = /usr/share/man/man1/;
			dstSubfolderSpec = 0;
			files = (
			);
			runOnlyForDeploymentPostprocessing = 1;
		};
/* End PBXCopyFilesBuildPhase section */

/* Begin PBXFileReference section */
		5C6495B01C1D5C0F00F6D931 /* Strategy */ = {isa = PBXFileReference; explicitFileType = "compiled.mach-o.executable"; includeInIndex = 0; path = Strategy; sourceTree = BUILT_PRODUCTS_DIR; };
		5C6495B31C1D5C0F00F6D931 /* main.m */ = {isa = PBXFileReference; lastKnownFileType = sourcecode.c.objc; lineEnding = 0; path = main.m; sourceTree = "<group>"; xcLanguageSpecificationIdentifier = xcode.lang.objc; };
		5C6495BA1C1D5C4900F6D931 /* CashContext.h */ = {isa = PBXFileReference; fileEncoding = 4; lastKnownFileType = sourcecode.c.h; lineEnding = 0; path = CashContext.h; sourceTree = "<group>"; xcLanguageSpecificationIdentifier = xcode.lang.objcpp; };
		5C6495BB1C1D5C4900F6D931 /* CashContext.m */ = {isa = PBXFileReference; fileEncoding = 4; lastKnownFileType = sourcecode.c.objc; lineEnding = 0; path = CashContext.m; sourceTree = "<group>"; xcLanguageSpecificationIdentifier = xcode.lang.objc; };
		5C6495BC1C1D5C4900F6D931 /* CashNormal.h */ = {isa = PBXFileReference; fileEncoding = 4; lastKnownFileType = sourcecode.c.h; lineEnding = 0; path = CashNormal.h; sourceTree = "<group>"; xcLanguageSpecificationIdentifier = xcode.lang.objcpp; };
		5C6495BD1C1D5C4900F6D931 /* CashNormal.m */ = {isa = PBXFileReference; fileEncoding = 4; lastKnownFileType = sourcecode.c.objc; lineEnding = 0; path = CashNormal.m; sourceTree = "<group>"; xcLanguageSpecificationIdentifier = xcode.lang.objc; };
		5C6495BE1C1D5C4900F6D931 /* CashRebate.h */ = {isa = PBXFileReference; fileEncoding = 4; lastKnownFileType = sourcecode.c.h; lineEnding = 0; path = CashRebate.h; sourceTree = "<group>"; xcLanguageSpecificationIdentifier = xcode.lang.objcpp; };
		5C6495BF1C1D5C4900F6D931 /* CashRebate.m */ = {isa = PBXFileReference; fileEncoding = 4; lastKnownFileType = sourcecode.c.objc; lineEnding = 0; path = CashRebate.m; sourceTree = "<group>"; xcLanguageSpecificationIdentifier = xcode.lang.objc; };
		5C6495C01C1D5C4900F6D931 /* CashReturn.h */ = {isa = PBXFileReference; fileEncoding = 4; lastKnownFileType = sourcecode.c.h; lineEnding = 0; path = CashReturn.h; sourceTree = "<group>"; xcLanguageSpecificationIdentifier = xcode.lang.objcpp; };
		5C6495C11C1D5C4900F6D931 /* CashReturn.m */ = {isa = PBXFileReference; fileEncoding = 4; lastKnownFileType = sourcecode.c.objc; lineEnding = 0; path = CashReturn.m; sourceTree = "<group>"; xcLanguageSpecificationIdentifier = xcode.lang.objc; };
		5C6495C21C1D5C4900F6D931 /* CashSuper.h */ = {isa = PBXFileReference; fileEncoding = 4; lastKnownFileType = sourcecode.c.h; lineEnding = 0; path = CashSuper.h; sourceTree = "<group>"; xcLanguageSpecificationIdentifier = xcode.lang.objcpp; };
		5C6495C31C1D5C4900F6D931 /* CashSuper.m */ = {isa = PBXFileReference; fileEncoding = 4; lastKnownFileType = sourcecode.c.objc; lineEnding = 0; path = CashSuper.m; sourceTree = "<group>"; xcLanguageSpecificationIdentifier = xcode.lang.objc; };
/* End PBXFileReference section */

/* Begin PBXFrameworksBuildPhase section */
		5C6495AD1C1D5C0F00F6D931 /* Frameworks */ = {
			isa = PBXFrameworksBuildPhase;
			buildActionMask = 2147483647;
			files = (
			);
			runOnlyForDeploymentPostprocessing = 0;
		};
/* End PBXFrameworksBuildPhase section */

/* Begin PBXGroup section */
		5C6495A71C1D5C0F00F6D931 = {
			isa = PBXGroup;
			children = (
				5C6495B21C1D5C0F00F6D931 /* Strategy */,
				5C6495B11C1D5C0F00F6D931 /* Products */,
			);
			sourceTree = "<group>";
		};
		5C6495B11C1D5C0F00F6D931 /* Products */ = {
			isa = PBXGroup;
			children = (
				5C6495B01C1D5C0F00F6D931 /* Strategy */,
			);
			name = Products;
			sourceTree = "<group>";
		};
		5C6495B21C1D5C0F00F6D931 /* Strategy */ = {
			isa = PBXGroup;
			children = (
				5C6495BA1C1D5C4900F6D931 /* CashContext.h */,
				5C6495BB1C1D5C4900F6D931 /* CashContext.m */,
				5C6495BC1C1D5C4900F6D931 /* CashNormal.h */,
				5C6495BD1C1D5C4900F6D931 /* CashNormal.m */,
				5C6495BE1C1D5C4900F6D931 /* CashRebate.h */,
				5C6495BF1C1D5C4900F6D931 /* CashRebate.m */,
				5C6495C01C1D5C4900F6D931 /* CashReturn.h */,
				5C6495C11C1D5C4900F6D931 /* CashReturn.m */,
				5C6495C21C1D5C4900F6D931 /* CashSuper.h */,
				5C6495C31C1D5C4900F6D931 /* CashSuper.m */,
				5C6495B31C1D5C0F00F6D931 /* main.m */,
			);
			path = Strategy;
			sourceTree = "<group>";
		};
/* End PBXGroup section */

/* Begin PBXNativeTarget section */
		5C6495AF1C1D5C0F00F6D931 /* Strategy */ = {
			isa = PBXNativeTarget;
			buildConfigurationList = 5C6495B71C1D5C0F00F6D931 /* Build configuration list for PBXNativeTarget "Strategy" */;
			buildPhases = (
				5C6495AC1C1D5C0F00F6D931 /* Sources */,
				5C6495AD1C1D5C0F00F6D931 /* Frameworks */,
				5C6495AE1C1D5C0F00F6D931 /* CopyFiles */,
			);
			buildRules = (
			);
			dependencies = (
			);
			name = Strategy;
			productName = Strategy;
			productReference = 5C6495B01C1D5C0F00F6D931 /* Strategy */;
			productType = "com.apple.product-type.tool";
		};
/* End PBXNativeTarget section */

/* Begin PBXProject section */
		5C6495A81C1D5C0F00F6D931 /* Project object */ = {
			isa = PBXProject;
			attributes = {
				LastUpgradeCheck = 0640;
				ORGANIZATIONNAME = GameRisker;
				TargetAttributes = {
					5C6495AF1C1D5C0F00F6D931 = {
						CreatedOnToolsVersion = 6.4;
					};
				};
			};
			buildConfigurationList = 5C6495AB1C1D5C0F00F6D931 /* Build configuration list for PBXProject "Strategy" */;
			compatibilityVersion = "Xcode 3.2";
			developmentRegion = English;
			hasScannedForEncodings = 0;
			knownRegions = (
				en,
			);
			mainGroup = 5C6495A71C1D5C0F00F6D931;
			productRefGroup = 5C6495B11C1D5C0F00F6D931 /* Products */;
			projectDirPath = "";
			projectRoot = "";
			targets = (
				5C6495AF1C1D5C0F00F6D931 /* Strategy */,
			);
		};
/* End PBXProject section */

/* Begin PBXSourcesBuildPhase section */
		5C6495AC1C1D5C0F00F6D931 /* Sources */ = {
			isa = PBXSourcesBuildPhase;
			buildActionMask = 2147483647;
			files = (
				5C6495C81C1D5C4900F6D931 /* CashSuper.m in Sources */,
				5C6495C51C1D5C4900F6D931 /* CashNormal.m in Sources */,
				5C6495C61C1D5C4900F6D931 /* CashRebate.m in Sources */,
				5C6495C41C1D5C4900F6D931 /* CashContext.m in Sources */,
				5C6495C71C1D5C4900F6D931 /* CashReturn.m in Sources */,
				5C6495B41C1D5C0F00F6D931 /* main.m in Sources */,
			);
			runOnlyForDeploymentPostprocessing = 0;
		};
/* End PBXSourcesBuildPhase section */

/* Begin XCBuildConfiguration section */
		5C6495B51C1D5C0F00F6D931 /* Debug */ = {
			isa = XCBuildConfiguration;
			buildSettings = {
				ALWAYS_SEARCH_USER_PATHS = NO;
				CLANG_CXX_LANGUAGE_STANDARD = "gnu++0x";
				CLANG_CXX_LIBRARY = "libc++";
				CLANG_ENABLE_MODULES = YES;
				CLANG_ENABLE_OBJC_ARC = YES;
				CLANG_WARN_BOOL_CONVERSION = YES;
				CLANG_WARN_CONSTANT_CONVERSION = YES;
				CLANG_WARN_DIRECT_OBJC_ISA_USAGE = YES_ERROR;
				CLANG_WARN_EMPTY_BODY = YES;
				CLANG_WARN_ENUM_CONVERSION = YES;
				CLANG_WARN_INT_CONVERSION = YES;
				CLANG_WARN_OBJC_ROOT_CLASS = YES_ERROR;
				CLANG_WARN_UNREACHABLE_CODE = YES;
				CLANG_WARN__DUPLICATE_METHOD_MATCH = YES;
				COPY_PHASE_STRIP = NO;
				DEBUG_INFORMATION_FORMAT = dwarf;
				ENABLE_STRICT_OBJC_MSGSEND = YES;
				GCC_C_LANGUAGE_STANDARD = gnu99;
				GCC_DYNAMIC_NO_PIC = NO;
				GCC_NO_COMMON_BLOCKS = YES;
				GCC_OPTIMIZATION_LEVEL = 0;
				GCC_PREPROCESSOR_DEFINITIONS = (
					"DEBUG=1",
					"$(inherited)",
				);
				GCC_SYMBOLS_PRIVATE_EXTERN = NO;
				GCC_WARN_64_TO_32_BIT_CONVERSION = YES;
				GCC_WARN_ABOUT_RETURN_TYPE = YES_ERROR;
				GCC_WARN_UNDECLARED_SELECTOR = YES;
				GCC_WARN_UNINITIALIZED_AUTOS = YES_AGGRESSIVE;
				GCC_WARN_UNUSED_FUNCTION = YES;
				GCC_WARN_UNUSED_VARIABLE = YES;
				MACOSX_DEPLOYMENT_TARGET = 10.11;
				MTL_ENABLE_DEBUG_INFO = YES;
				ONLY_ACTIVE_ARCH = YES;
				SDKROOT = macosx;
			};
			name = Debug;
		};
		5C6495B61C1D5C0F00F6D931 /* Release */ = {
			isa = XCBuildConfiguration;
			buildSettings = {
				ALWAYS_SEARCH_USER_PATHS = NO;
				CLANG_CXX_LANGUAGE_STANDARD = "gnu++0x";
				CLANG_CXX_LIBRARY = "libc++";
				CLANG_ENABLE_MODULES = YES;
				CLANG_ENABLE_OBJC_ARC = YES;
				CLANG_WARN_BOOL_CONVERSION = YES;
				CLANG_WARN_CONSTANT_CONVERSION = YES;
				CLANG_WARN_DIRECT_OBJC_ISA_USAGE = YES_ERROR;
				CLANG_WARN_EMPTY_BODY = YES;
				CLANG_WARN_ENUM_CONVERSION = YES;
				CLANG_WARN_INT_CONVERSION = YES;
				CLANG_WARN_OBJC_ROOT_CLASS = YES_ERROR;
				CLANG_WARN_UNREACHABLE_CODE = YES;
				CLANG_WARN__DUPLICATE_METHOD_MATCH = YES;
				COPY_PHASE_STRIP = NO;
				DEBUG_INFORMATION_FORMAT = "dwarf-with-dsym";
				ENABLE_NS_ASSERTIONS = NO;
				ENABLE_STRICT_OBJC_MSGSEND = YES;
				GCC_C_LANGUAGE_STANDARD = gnu99;
				GCC_NO_COMMON_BLOCKS = YES;
				GCC_WARN_64_TO_32_BIT_CONVERSION = YES;
				GCC_WARN_ABOUT_RETURN_TYPE = YES_ERROR;
				GCC_WARN_UNDECLARED_SELECTOR = YES;
				GCC_WARN_UNINITIALIZED_AUTOS = YES_AGGRESSIVE;
				GCC_WARN_UNUSED_FUNCTION = YES;
				GCC_WARN_UNUSED_VARIABLE = YES;
				MACOSX_DEPLOYMENT_TARGET = 10.11;
				MTL_ENABLE_DEBUG_INFO = NO;
				SDKROOT = macosx;
			};
			name = Release;
		};
		5C6495B81C1D5C0F00F6D931 /* Debug */ = {
			isa = XCBuildConfiguration;
			buildSettings = {
				PRODUCT_NAME = "$(TARGET_NAME)";
			};
			name = Debug;
		};
		5C6495B91C1D5C0F00F6D931 /* Release */ = {
			isa = XCBuildConfiguration;
			buildSettings = {
				PRODUCT_NAME = "$(TARGET_NAME)";
			};
			name = Release;
		};
/* End XCBuildConfiguration section */

/* Begin XCConfigurationList section */
		5C6495AB1C1D5C0F00F6D931 /* Build configuration list for PBXProject "Strategy" */ = {
			isa = XCConfigurationList;
			buildConfigurations = (
				5C6495B51C1D5C0F00F6D931 /* Debug */,
				5C6495B61C1D5C0F00F6D931 /* Release */,
			);
			defaultConfigurationIsVisible = 0;
			defaultConfigurationName = Release;
		};
		5C6495B71C1D5C0F00F6D931 /* Build configuration list for PBXNativeTarget "Strategy" */ = {
			isa = XCConfigurationList;
			buildConfigurations = (
				5C6495B81C1D5C0F00F6D931 /* Debug */,
				5C6495B91C1D5C0F00F6D931 /* Release */,
			);
			defaultConfigurationIsVisible = 0;
		};
/* End XCConfigurationList section */
	};
	rootObject = 5C6495A81C1D5C0F00F6D931 /* Project object */;
}
