// !$*UTF8*$!
{
	archiveVersion = 1;
	classes = {
	};
	objectVersion = 46;
	objects = {

/* Begin PBXBuildFile section */
		5CC16E631C38C10B0062432B /* main.m in Sources */ = {isa = PBXBuildFile; fileRef = 5CC16E621C38C10B0062432B /* main.m */; };
		5CC16E721C38C5070062432B /* Undergraduate.m in Sources */ = {isa = PBXBuildFile; fileRef = 5CC16E711C38C5070062432B /* Undergraduate.m */; };
		5CC16E751C38C6CD0062432B /* UndergraduateFactory.m in Sources */ = {isa = PBXBuildFile; fileRef = 5CC16E741C38C6CD0062432B /* UndergraduateFactory.m */; };
		5CC16E7B1C38C9730062432B /* VolunteerFactory.m in Sources */ = {isa = PBXBuildFile; fileRef = 5CC16E7A1C38C9730062432B /* VolunteerFactory.m */; };
		5CC16E7F1C38D0940062432B /* Volunteer.m in Sources */ = {isa = PBXBuildFile; fileRef = 5CC16E7E1C38D0940062432B /* Volunteer.m */; };
/* End PBXBuildFile section */

/* Begin PBXCopyFilesBuildPhase section */
		5CC16E5D1C38C10B0062432B /* CopyFiles */ = {
			isa = PBXCopyFilesBuildPhase;
			buildActionMask = 2147483647;
			dstPath = /usr/share/man/man1/;
			dstSubfolderSpec = 0;
			files = (
			);
			runOnlyForDeploymentPostprocessing = 1;
		};
/* End PBXCopyFilesBuildPhase section */

/* Begin PBXFileReference section */
		5CC16E5F1C38C10B0062432B /* FactoryMothed */ = {isa = PBXFileReference; explicitFileType = "compiled.mach-o.executable"; includeInIndex = 0; path = FactoryMothed; sourceTree = BUILT_PRODUCTS_DIR; };
		5CC16E621C38C10B0062432B /* main.m */ = {isa = PBXFileReference; lastKnownFileType = sourcecode.c.objc; path = main.m; sourceTree = "<group>"; };
		5CC16E691C38C2EB0062432B /* ILeifeng.h */ = {isa = PBXFileReference; fileEncoding = 4; lastKnownFileType = sourcecode.c.h; path = ILeifeng.h; sourceTree = "<group>"; };
		5CC16E701C38C5070062432B /* Undergraduate.h */ = {isa = PBXFileReference; fileEncoding = 4; lastKnownFileType = sourcecode.c.h; path = Undergraduate.h; sourceTree = "<group>"; };
		5CC16E711C38C5070062432B /* Undergraduate.m */ = {isa = PBXFileReference; fileEncoding = 4; lastKnownFileType = sourcecode.c.objc; path = Undergraduate.m; sourceTree = "<group>"; };
		5CC16E731C38C6CD0062432B /* UndergraduateFactory.h */ = {isa = PBXFileReference; fileEncoding = 4; lastKnownFileType = sourcecode.c.h; path = UndergraduateFactory.h; sourceTree = "<group>"; };
		5CC16E741C38C6CD0062432B /* UndergraduateFactory.m */ = {isa = PBXFileReference; fileEncoding = 4; lastKnownFileType = sourcecode.c.objc; path = UndergraduateFactory.m; sourceTree = "<group>"; };
		5CC16E791C38C9730062432B /* VolunteerFactory.h */ = {isa = PBXFileReference; fileEncoding = 4; lastKnownFileType = sourcecode.c.h; path = VolunteerFactory.h; sourceTree = "<group>"; };
		5CC16E7A1C38C9730062432B /* VolunteerFactory.m */ = {isa = PBXFileReference; fileEncoding = 4; lastKnownFileType = sourcecode.c.objc; path = VolunteerFactory.m; sourceTree = "<group>"; };
		5CC16E7C1C38CCD90062432B /* ILeifengFactory.h */ = {isa = PBXFileReference; fileEncoding = 4; lastKnownFileType = sourcecode.c.h; path = ILeifengFactory.h; sourceTree = "<group>"; };
		5CC16E7D1C38D0940062432B /* Volunteer.h */ = {isa = PBXFileReference; fileEncoding = 4; lastKnownFileType = sourcecode.c.h; path = Volunteer.h; sourceTree = "<group>"; };
		5CC16E7E1C38D0940062432B /* Volunteer.m */ = {isa = PBXFileReference; fileEncoding = 4; lastKnownFileType = sourcecode.c.objc; path = Volunteer.m; sourceTree = "<group>"; };
/* End PBXFileReference section */

/* Begin PBXFrameworksBuildPhase section */
		5CC16E5C1C38C10B0062432B /* Frameworks */ = {
			isa = PBXFrameworksBuildPhase;
			buildActionMask = 2147483647;
			files = (
			);
			runOnlyForDeploymentPostprocessing = 0;
		};
/* End PBXFrameworksBuildPhase section */

/* Begin PBXGroup section */
		5CC16E561C38C10B0062432B = {
			isa = PBXGroup;
			children = (
				5CC16E611C38C10B0062432B /* FactoryMothed */,
				5CC16E601C38C10B0062432B /* Products */,
			);
			sourceTree = "<group>";
		};
		5CC16E601C38C10B0062432B /* Products */ = {
			isa = PBXGroup;
			children = (
				5CC16E5F1C38C10B0062432B /* FactoryMothed */,
			);
			name = Products;
			sourceTree = "<group>";
		};
		5CC16E611C38C10B0062432B /* FactoryMothed */ = {
			isa = PBXGroup;
			children = (
				5CC16E7D1C38D0940062432B /* Volunteer.h */,
				5CC16E7E1C38D0940062432B /* Volunteer.m */,
				5CC16E701C38C5070062432B /* Undergraduate.h */,
				5CC16E731C38C6CD0062432B /* UndergraduateFactory.h */,
				5CC16E741C38C6CD0062432B /* UndergraduateFactory.m */,
				5CC16E7C1C38CCD90062432B /* ILeifengFactory.h */,
				5CC16E791C38C9730062432B /* VolunteerFactory.h */,
				5CC16E7A1C38C9730062432B /* VolunteerFactory.m */,
				5CC16E711C38C5070062432B /* Undergraduate.m */,
				5CC16E691C38C2EB0062432B /* ILeifeng.h */,
				5CC16E621C38C10B0062432B /* main.m */,
			);
			path = FactoryMothed;
			sourceTree = "<group>";
		};
/* End PBXGroup section */

/* Begin PBXNativeTarget section */
		5CC16E5E1C38C10B0062432B /* FactoryMothed */ = {
			isa = PBXNativeTarget;
			buildConfigurationList = 5CC16E661C38C10B0062432B /* Build configuration list for PBXNativeTarget "FactoryMothed" */;
			buildPhases = (
				5CC16E5B1C38C10B0062432B /* Sources */,
				5CC16E5C1C38C10B0062432B /* Frameworks */,
				5CC16E5D1C38C10B0062432B /* CopyFiles */,
			);
			buildRules = (
			);
			dependencies = (
			);
			name = FactoryMothed;
			productName = FactoryMothed;
			productReference = 5CC16E5F1C38C10B0062432B /* FactoryMothed */;
			productType = "com.apple.product-type.tool";
		};
/* End PBXNativeTarget section */

/* Begin PBXProject section */
		5CC16E571C38C10B0062432B /* Project object */ = {
			isa = PBXProject;
			attributes = {
				LastUpgradeCheck = 0640;
				ORGANIZATIONNAME = GameRisker;
				TargetAttributes = {
					5CC16E5E1C38C10B0062432B = {
						CreatedOnToolsVersion = 6.4;
					};
				};
			};
			buildConfigurationList = 5CC16E5A1C38C10B0062432B /* Build configuration list for PBXProject "FactoryMothed" */;
			compatibilityVersion = "Xcode 3.2";
			developmentRegion = English;
			hasScannedForEncodings = 0;
			knownRegions = (
				en,
			);
			mainGroup = 5CC16E561C38C10B0062432B;
			productRefGroup = 5CC16E601C38C10B0062432B /* Products */;
			projectDirPath = "";
			projectRoot = "";
			targets = (
				5CC16E5E1C38C10B0062432B /* FactoryMothed */,
			);
		};
/* End PBXProject section */

/* Begin PBXSourcesBuildPhase section */
		5CC16E5B1C38C10B0062432B /* Sources */ = {
			isa = PBXSourcesBuildPhase;
			buildActionMask = 2147483647;
			files = (
				5CC16E7B1C38C9730062432B /* VolunteerFactory.m in Sources */,
				5CC16E631C38C10B0062432B /* main.m in Sources */,
				5CC16E7F1C38D0940062432B /* Volunteer.m in Sources */,
				5CC16E751C38C6CD0062432B /* UndergraduateFactory.m in Sources */,
				5CC16E721C38C5070062432B /* Undergraduate.m in Sources */,
			);
			runOnlyForDeploymentPostprocessing = 0;
		};
/* End PBXSourcesBuildPhase section */

/* Begin XCBuildConfiguration section */
		5CC16E641C38C10B0062432B /* Debug */ = {
			isa = XCBuildConfiguration;
			buildSettings = {
				ALWAYS_SEARCH_USER_PATHS = NO;
				CLANG_CXX_LANGUAGE_STANDARD = "gnu++0x";
				CLANG_CXX_LIBRARY = "libc++";
				CLANG_ENABLE_MODULES = YES;
				CLANG_ENABLE_OBJC_ARC = YES;
				CLANG_WARN_BOOL_CONVERSION = YES;
				CLANG_WARN_CONSTANT_CONVERSION = YES;
				CLANG_WARN_DIRECT_OBJC_ISA_USAGE = YES_ERROR;
				CLANG_WARN_EMPTY_BODY = YES;
				CLANG_WARN_ENUM_CONVERSION = YES;
				CLANG_WARN_INT_CONVERSION = YES;
				CLANG_WARN_OBJC_ROOT_CLASS = YES_ERROR;
				CLANG_WARN_UNREACHABLE_CODE = YES;
				CLANG_WARN__DUPLICATE_METHOD_MATCH = YES;
				COPY_PHASE_STRIP = NO;
				DEBUG_INFORMATION_FORMAT = dwarf;
				ENABLE_STRICT_OBJC_MSGSEND = YES;
				GCC_C_LANGUAGE_STANDARD = gnu99;
				GCC_DYNAMIC_NO_PIC = NO;
				GCC_NO_COMMON_BLOCKS = YES;
				GCC_OPTIMIZATION_LEVEL = 0;
				GCC_PREPROCESSOR_DEFINITIONS = (
					"DEBUG=1",
					"$(inherited)",
				);
				GCC_SYMBOLS_PRIVATE_EXTERN = NO;
				GCC_WARN_64_TO_32_BIT_CONVERSION = YES;
				GCC_WARN_ABOUT_RETURN_TYPE = YES_ERROR;
				GCC_WARN_UNDECLARED_SELECTOR = YES;
				GCC_WARN_UNINITIALIZED_AUTOS = YES_AGGRESSIVE;
				GCC_WARN_UNUSED_FUNCTION = YES;
				GCC_WARN_UNUSED_VARIABLE = YES;
				MACOSX_DEPLOYMENT_TARGET = 10.11;
				MTL_ENABLE_DEBUG_INFO = YES;
				ONLY_ACTIVE_ARCH = YES;
				SDKROOT = macosx;
			};
			name = Debug;
		};
		5CC16E651C38C10B0062432B /* Release */ = {
			isa = XCBuildConfiguration;
			buildSettings = {
				ALWAYS_SEARCH_USER_PATHS = NO;
				CLANG_CXX_LANGUAGE_STANDARD = "gnu++0x";
				CLANG_CXX_LIBRARY = "libc++";
				CLANG_ENABLE_MODULES = YES;
				CLANG_ENABLE_OBJC_ARC = YES;
				CLANG_WARN_BOOL_CONVERSION = YES;
				CLANG_WARN_CONSTANT_CONVERSION = YES;
				CLANG_WARN_DIRECT_OBJC_ISA_USAGE = YES_ERROR;
				CLANG_WARN_EMPTY_BODY = YES;
				CLANG_WARN_ENUM_CONVERSION = YES;
				CLANG_WARN_INT_CONVERSION = YES;
				CLANG_WARN_OBJC_ROOT_CLASS = YES_ERROR;
				CLANG_WARN_UNREACHABLE_CODE = YES;
				CLANG_WARN__DUPLICATE_METHOD_MATCH = YES;
				COPY_PHASE_STRIP = NO;
				DEBUG_INFORMATION_FORMAT = "dwarf-with-dsym";
				ENABLE_NS_ASSERTIONS = NO;
				ENABLE_STRICT_OBJC_MSGSEND = YES;
				GCC_C_LANGUAGE_STANDARD = gnu99;
				GCC_NO_COMMON_BLOCKS = YES;
				GCC_WARN_64_TO_32_BIT_CONVERSION = YES;
				GCC_WARN_ABOUT_RETURN_TYPE = YES_ERROR;
				GCC_WARN_UNDECLARED_SELECTOR = YES;
				GCC_WARN_UNINITIALIZED_AUTOS = YES_AGGRESSIVE;
				GCC_WARN_UNUSED_FUNCTION = YES;
				GCC_WARN_UNUSED_VARIABLE = YES;
				MACOSX_DEPLOYMENT_TARGET = 10.11;
				MTL_ENABLE_DEBUG_INFO = NO;
				SDKROOT = macosx;
			};
			name = Release;
		};
		5CC16E671C38C10B0062432B /* Debug */ = {
			isa = XCBuildConfiguration;
			buildSettings = {
				PRODUCT_NAME = "$(TARGET_NAME)";
			};
			name = Debug;
		};
		5CC16E681C38C10B0062432B /* Release */ = {
			isa = XCBuildConfiguration;
			buildSettings = {
				PRODUCT_NAME = "$(TARGET_NAME)";
			};
			name = Release;
		};
/* End XCBuildConfiguration section */

/* Begin XCConfigurationList section */
		5CC16E5A1C38C10B0062432B /* Build configuration list for PBXProject "FactoryMothed" */ = {
			isa = XCConfigurationList;
			buildConfigurations = (
				5CC16E641C38C10B0062432B /* Debug */,
				5CC16E651C38C10B0062432B /* Release */,
			);
			defaultConfigurationIsVisible = 0;
			defaultConfigurationName = Release;
		};
		5CC16E661C38C10B0062432B /* Build configuration list for PBXNativeTarget "FactoryMothed" */ = {
			isa = XCConfigurationList;
			buildConfigurations = (
				5CC16E671C38C10B0062432B /* Debug */,
				5CC16E681C38C10B0062432B /* Release */,
			);
			defaultConfigurationIsVisible = 0;
		};
/* End XCConfigurationList section */
	};
	rootObject = 5CC16E571C38C10B0062432B /* Project object */;
}
