// !$*UTF8*$!
{
	archiveVersion = 1;
	classes = {
	};
	objectVersion = 46;
	objects = {

/* Begin PBXBuildFile section */
		5C4D2E911C67502A00583EAF /* main.m in Sources */ = {isa = PBXBuildFile; fileRef = 5C4D2E901C67502A00583EAF /* main.m */; };
		5C4D2EA21C675D9A00583EAF /* Subject.m in Sources */ = {isa = PBXBuildFile; fileRef = 5C4D2EA11C675D9A00583EAF /* Subject.m */; };
		5C4D2EA51C6760CE00583EAF /* Observer.m in Sources */ = {isa = PBXBuildFile; fileRef = 5C4D2EA41C6760CE00583EAF /* Observer.m */; };
		5C4D2EA81C67689E00583EAF /* ConcreteObserver.m in Sources */ = {isa = PBXBuildFile; fileRef = 5C4D2EA71C67689E00583EAF /* ConcreteObserver.m */; };
		5C4D2EAB1C676CF000583EAF /* ConcreteSubject.m in Sources */ = {isa = PBXBuildFile; fileRef = 5C4D2EAA1C676CF000583EAF /* ConcreteSubject.m */; };
/* End PBXBuildFile section */

/* Begin PBXCopyFilesBuildPhase section */
		5C4D2E8B1C67502A00583EAF /* CopyFiles */ = {
			isa = PBXCopyFilesBuildPhase;
			buildActionMask = 2147483647;
			dstPath = /usr/share/man/man1/;
			dstSubfolderSpec = 0;
			files = (
			);
			runOnlyForDeploymentPostprocessing = 1;
		};
/* End PBXCopyFilesBuildPhase section */

/* Begin PBXFileReference section */
		5C4D2E8D1C67502A00583EAF /* Observer */ = {isa = PBXFileReference; explicitFileType = "compiled.mach-o.executable"; includeInIndex = 0; path = Observer; sourceTree = BUILT_PRODUCTS_DIR; };
		5C4D2E901C67502A00583EAF /* main.m */ = {isa = PBXFileReference; lastKnownFileType = sourcecode.c.objc; path = main.m; sourceTree = "<group>"; };
		5C4D2EA01C675D9A00583EAF /* Subject.h */ = {isa = PBXFileReference; fileEncoding = 4; lastKnownFileType = sourcecode.c.h; path = Subject.h; sourceTree = "<group>"; };
		5C4D2EA11C675D9A00583EAF /* Subject.m */ = {isa = PBXFileReference; fileEncoding = 4; lastKnownFileType = sourcecode.c.objc; path = Subject.m; sourceTree = "<group>"; };
		5C4D2EA31C6760CE00583EAF /* Observer.h */ = {isa = PBXFileReference; fileEncoding = 4; lastKnownFileType = sourcecode.c.h; path = Observer.h; sourceTree = "<group>"; };
		5C4D2EA41C6760CE00583EAF /* Observer.m */ = {isa = PBXFileReference; fileEncoding = 4; lastKnownFileType = sourcecode.c.objc; path = Observer.m; sourceTree = "<group>"; };
		5C4D2EA61C67689E00583EAF /* ConcreteObserver.h */ = {isa = PBXFileReference; fileEncoding = 4; lastKnownFileType = sourcecode.c.h; path = ConcreteObserver.h; sourceTree = "<group>"; };
		5C4D2EA71C67689E00583EAF /* ConcreteObserver.m */ = {isa = PBXFileReference; fileEncoding = 4; lastKnownFileType = sourcecode.c.objc; path = ConcreteObserver.m; sourceTree = "<group>"; };
		5C4D2EA91C676CF000583EAF /* ConcreteSubject.h */ = {isa = PBXFileReference; fileEncoding = 4; lastKnownFileType = sourcecode.c.h; path = ConcreteSubject.h; sourceTree = "<group>"; };
		5C4D2EAA1C676CF000583EAF /* ConcreteSubject.m */ = {isa = PBXFileReference; fileEncoding = 4; lastKnownFileType = sourcecode.c.objc; path = ConcreteSubject.m; sourceTree = "<group>"; };
/* End PBXFileReference section */

/* Begin PBXFrameworksBuildPhase section */
		5C4D2E8A1C67502A00583EAF /* Frameworks */ = {
			isa = PBXFrameworksBuildPhase;
			buildActionMask = 2147483647;
			files = (
			);
			runOnlyForDeploymentPostprocessing = 0;
		};
/* End PBXFrameworksBuildPhase section */

/* Begin PBXGroup section */
		5C4D2E841C67502A00583EAF = {
			isa = PBXGroup;
			children = (
				5C4D2E8F1C67502A00583EAF /* Observer */,
				5C4D2E8E1C67502A00583EAF /* Products */,
			);
			sourceTree = "<group>";
		};
		5C4D2E8E1C67502A00583EAF /* Products */ = {
			isa = PBXGroup;
			children = (
				5C4D2E8D1C67502A00583EAF /* Observer */,
			);
			name = Products;
			sourceTree = "<group>";
		};
		5C4D2E8F1C67502A00583EAF /* Observer */ = {
			isa = PBXGroup;
			children = (
				5C4D2EA01C675D9A00583EAF /* Subject.h */,
				5C4D2EA61C67689E00583EAF /* ConcreteObserver.h */,
				5C4D2EA71C67689E00583EAF /* ConcreteObserver.m */,
				5C4D2EA11C675D9A00583EAF /* Subject.m */,
				5C4D2EA91C676CF000583EAF /* ConcreteSubject.h */,
				5C4D2EAA1C676CF000583EAF /* ConcreteSubject.m */,
				5C4D2EA31C6760CE00583EAF /* Observer.h */,
				5C4D2EA41C6760CE00583EAF /* Observer.m */,
				5C4D2E901C67502A00583EAF /* main.m */,
			);
			path = Observer;
			sourceTree = "<group>";
		};
/* End PBXGroup section */

/* Begin PBXNativeTarget section */
		5C4D2E8C1C67502A00583EAF /* Observer */ = {
			isa = PBXNativeTarget;
			buildConfigurationList = 5C4D2E941C67502A00583EAF /* Build configuration list for PBXNativeTarget "Observer" */;
			buildPhases = (
				5C4D2E891C67502A00583EAF /* Sources */,
				5C4D2E8A1C67502A00583EAF /* Frameworks */,
				5C4D2E8B1C67502A00583EAF /* CopyFiles */,
			);
			buildRules = (
			);
			dependencies = (
			);
			name = Observer;
			productName = Observer;
			productReference = 5C4D2E8D1C67502A00583EAF /* Observer */;
			productType = "com.apple.product-type.tool";
		};
/* End PBXNativeTarget section */

/* Begin PBXProject section */
		5C4D2E851C67502A00583EAF /* Project object */ = {
			isa = PBXProject;
			attributes = {
				LastUpgradeCheck = 0640;
				ORGANIZATIONNAME = GameRisker;
				TargetAttributes = {
					5C4D2E8C1C67502A00583EAF = {
						CreatedOnToolsVersion = 6.4;
					};
				};
			};
			buildConfigurationList = 5C4D2E881C67502A00583EAF /* Build configuration list for PBXProject "Observer" */;
			compatibilityVersion = "Xcode 3.2";
			developmentRegion = English;
			hasScannedForEncodings = 0;
			knownRegions = (
				en,
			);
			mainGroup = 5C4D2E841C67502A00583EAF;
			productRefGroup = 5C4D2E8E1C67502A00583EAF /* Products */;
			projectDirPath = "";
			projectRoot = "";
			targets = (
				5C4D2E8C1C67502A00583EAF /* Observer */,
			);
		};
/* End PBXProject section */

/* Begin PBXSourcesBuildPhase section */
		5C4D2E891C67502A00583EAF /* Sources */ = {
			isa = PBXSourcesBuildPhase;
			buildActionMask = 2147483647;
			files = (
				5C4D2EA81C67689E00583EAF /* ConcreteObserver.m in Sources */,
				5C4D2EAB1C676CF000583EAF /* ConcreteSubject.m in Sources */,
				5C4D2EA21C675D9A00583EAF /* Subject.m in Sources */,
				5C4D2EA51C6760CE00583EAF /* Observer.m in Sources */,
				5C4D2E911C67502A00583EAF /* main.m in Sources */,
			);
			runOnlyForDeploymentPostprocessing = 0;
		};
/* End PBXSourcesBuildPhase section */

/* Begin XCBuildConfiguration section */
		5C4D2E921C67502A00583EAF /* Debug */ = {
			isa = XCBuildConfiguration;
			buildSettings = {
				ALWAYS_SEARCH_USER_PATHS = NO;
				CLANG_CXX_LANGUAGE_STANDARD = "gnu++0x";
				CLANG_CXX_LIBRARY = "libc++";
				CLANG_ENABLE_MODULES = YES;
				CLANG_ENABLE_OBJC_ARC = YES;
				CLANG_WARN_BOOL_CONVERSION = YES;
				CLANG_WARN_CONSTANT_CONVERSION = YES;
				CLANG_WARN_DIRECT_OBJC_ISA_USAGE = YES_ERROR;
				CLANG_WARN_EMPTY_BODY = YES;
				CLANG_WARN_ENUM_CONVERSION = YES;
				CLANG_WARN_INT_CONVERSION = YES;
				CLANG_WARN_OBJC_ROOT_CLASS = YES_ERROR;
				CLANG_WARN_UNREACHABLE_CODE = YES;
				CLANG_WARN__DUPLICATE_METHOD_MATCH = YES;
				COPY_PHASE_STRIP = NO;
				DEBUG_INFORMATION_FORMAT = dwarf;
				ENABLE_STRICT_OBJC_MSGSEND = YES;
				GCC_C_LANGUAGE_STANDARD = gnu99;
				GCC_DYNAMIC_NO_PIC = NO;
				GCC_NO_COMMON_BLOCKS = YES;
				GCC_OPTIMIZATION_LEVEL = 0;
				GCC_PREPROCESSOR_DEFINITIONS = (
					"DEBUG=1",
					"$(inherited)",
				);
				GCC_SYMBOLS_PRIVATE_EXTERN = NO;
				GCC_WARN_64_TO_32_BIT_CONVERSION = YES;
				GCC_WARN_ABOUT_RETURN_TYPE = YES_ERROR;
				GCC_WARN_UNDECLARED_SELECTOR = YES;
				GCC_WARN_UNINITIALIZED_AUTOS = YES_AGGRESSIVE;
				GCC_WARN_UNUSED_FUNCTION = YES;
				GCC_WARN_UNUSED_VARIABLE = YES;
				MACOSX_DEPLOYMENT_TARGET = 10.11;
				MTL_ENABLE_DEBUG_INFO = YES;
				ONLY_ACTIVE_ARCH = YES;
				SDKROOT = macosx;
			};
			name = Debug;
		};
		5C4D2E931C67502A00583EAF /* Release */ = {
			isa = XCBuildConfiguration;
			buildSettings = {
				ALWAYS_SEARCH_USER_PATHS = NO;
				CLANG_CXX_LANGUAGE_STANDARD = "gnu++0x";
				CLANG_CXX_LIBRARY = "libc++";
				CLANG_ENABLE_MODULES = YES;
				CLANG_ENABLE_OBJC_ARC = YES;
				CLANG_WARN_BOOL_CONVERSION = YES;
				CLANG_WARN_CONSTANT_CONVERSION = YES;
				CLANG_WARN_DIRECT_OBJC_ISA_USAGE = YES_ERROR;
				CLANG_WARN_EMPTY_BODY = YES;
				CLANG_WARN_ENUM_CONVERSION = YES;
				CLANG_WARN_INT_CONVERSION = YES;
				CLANG_WARN_OBJC_ROOT_CLASS = YES_ERROR;
				CLANG_WARN_UNREACHABLE_CODE = YES;
				CLANG_WARN__DUPLICATE_METHOD_MATCH = YES;
				COPY_PHASE_STRIP = NO;
				DEBUG_INFORMATION_FORMAT = "dwarf-with-dsym";
				ENABLE_NS_ASSERTIONS = NO;
				ENABLE_STRICT_OBJC_MSGSEND = YES;
				GCC_C_LANGUAGE_STANDARD = gnu99;
				GCC_NO_COMMON_BLOCKS = YES;
				GCC_WARN_64_TO_32_BIT_CONVERSION = YES;
				GCC_WARN_ABOUT_RETURN_TYPE = YES_ERROR;
				GCC_WARN_UNDECLARED_SELECTOR = YES;
				GCC_WARN_UNINITIALIZED_AUTOS = YES_AGGRESSIVE;
				GCC_WARN_UNUSED_FUNCTION = YES;
				GCC_WARN_UNUSED_VARIABLE = YES;
				MACOSX_DEPLOYMENT_TARGET = 10.11;
				MTL_ENABLE_DEBUG_INFO = NO;
				SDKROOT = macosx;
			};
			name = Release;
		};
		5C4D2E951C67502A00583EAF /* Debug */ = {
			isa = XCBuildConfiguration;
			buildSettings = {
				PRODUCT_NAME = "$(TARGET_NAME)";
			};
			name = Debug;
		};
		5C4D2E961C67502A00583EAF /* Release */ = {
			isa = XCBuildConfiguration;
			buildSettings = {
				PRODUCT_NAME = "$(TARGET_NAME)";
			};
			name = Release;
		};
/* End XCBuildConfiguration section */

/* Begin XCConfigurationList section */
		5C4D2E881C67502A00583EAF /* Build configuration list for PBXProject "Observer" */ = {
			isa = XCConfigurationList;
			buildConfigurations = (
				5C4D2E921C67502A00583EAF /* Debug */,
				5C4D2E931C67502A00583EAF /* Release */,
			);
			defaultConfigurationIsVisible = 0;
			defaultConfigurationName = Release;
		};
		5C4D2E941C67502A00583EAF /* Build configuration list for PBXNativeTarget "Observer" */ = {
			isa = XCConfigurationList;
			buildConfigurations = (
				5C4D2E951C67502A00583EAF /* Debug */,
				5C4D2E961C67502A00583EAF /* Release */,
			);
			defaultConfigurationIsVisible = 0;
		};
/* End XCConfigurationList section */
	};
	rootObject = 5C4D2E851C67502A00583EAF /* Project object */;
}
